// !$*UTF8*$!
{
	archiveVersion = 1;
	classes = {
	};
	objectVersion = 46;
	objects = {

/* Begin PBXBuildFile section */
		BFE1E28320FD637C00B163DF /* main.m in Sources */ = {isa = PBXBuildFile; fileRef = BFE1E28220FD637C00B163DF /* main.m */; };
		BFE1E28620FD637C00B163DF /* AppDelegate.m in Sources */ = {isa = PBXBuildFile; fileRef = BFE1E28520FD637C00B163DF /* AppDelegate.m */; };
		BFE1E28920FD637C00B163DF /* ViewController.m in Sources */ = {isa = PBXBuildFile; fileRef = BFE1E28820FD637C00B163DF /* ViewController.m */; };
		BFE1E28C20FD637C00B163DF /* Main.storyboard in Resources */ = {isa = PBXBuildFile; fileRef = BFE1E28A20FD637C00B163DF /* Main.storyboard */; };
		BFE1E28F20FD637C00B163DF /* HelloWorldGitHub.xcdatamodeld in Sources */ = {isa = PBXBuildFile; fileRef = BFE1E28D20FD637C00B163DF /* HelloWorldGitHub.xcdatamodeld */; };
		BFE1E29120FD637C00B163DF /* Assets.xcassets in Resources */ = {isa = PBXBuildFile; fileRef = BFE1E29020FD637C00B163DF /* Assets.xcassets */; };
		BFE1E29420FD637C00B163DF /* LaunchScreen.storyboard in Resources */ = {isa = PBXBuildFile; fileRef = BFE1E29220FD637C00B163DF /* LaunchScreen.storyboard */; };
/* End PBXBuildFile section */

/* Begin PBXFileReference section */
		BFE1E27E20FD637C00B163DF /* HelloWorldGitHub.app */ = {isa = PBXFileReference; explicitFileType = wrapper.application; includeInIndex = 0; path = HelloWorldGitHub.app; sourceTree = BUILT_PRODUCTS_DIR; };
		BFE1E28220FD637C00B163DF /* main.m */ = {isa = PBXFileReference; lastKnownFileType = sourcecode.c.objc; path = main.m; sourceTree = "<group>"; };
		BFE1E28420FD637C00B163DF /* AppDelegate.h */ = {isa = PBXFileReference; lastKnownFileType = sourcecode.c.h; path = AppDelegate.h; sourceTree = "<group>"; };
		BFE1E28520FD637C00B163DF /* AppDelegate.m */ = {isa = PBXFileReference; lastKnownFileType = sourcecode.c.objc; path = AppDelegate.m; sourceTree = "<group>"; };
		BFE1E28720FD637C00B163DF /* ViewController.h */ = {isa = PBXFileReference; lastKnownFileType = sourcecode.c.h; path = ViewController.h; sourceTree = "<group>"; };
		BFE1E28820FD637C00B163DF /* ViewController.m */ = {isa = PBXFileReference; lastKnownFileType = sourcecode.c.objc; path = ViewController.m; sourceTree = "<group>"; };
		BFE1E28B20FD637C00B163DF /* Base */ = {isa = PBXFileReference; lastKnownFileType = file.storyboard; name = Base; path = Base.lproj/Main.storyboard; sourceTree = "<group>"; };
		BFE1E28E20FD637C00B163DF /* HelloWorldGitHub.xcdatamodel */ = {isa = PBXFileReference; lastKnownFileType = wrapper.xcdatamodel; path = HelloWorldGitHub.xcdatamodel; sourceTree = "<group>"; };
		BFE1E29020FD637C00B163DF /* Assets.xcassets */ = {isa = PBXFileReference; lastKnownFileType = folder.assetcatalog; path = Assets.xcassets; sourceTree = "<group>"; };
		BFE1E29320FD637C00B163DF /* Base */ = {isa = PBXFileReference; lastKnownFileType = file.storyboard; name = Base; path = Base.lproj/LaunchScreen.storyboard; sourceTree = "<group>"; };
		BFE1E29520FD637C00B163DF /* Info.plist */ = {isa = PBXFileReference; lastKnownFileType = text.plist.xml; path = Info.plist; sourceTree = "<group>"; };
/* End PBXFileReference section */

/* Begin PBXFrameworksBuildPhase section */
		BFE1E27B20FD637C00B163DF /* Frameworks */ = {
			isa = PBXFrameworksBuildPhase;
			buildActionMask = 2147483647;
			files = (
			);
			runOnlyForDeploymentPostprocessing = 0;
		};
/* End PBXFrameworksBuildPhase section */

/* Begin PBXGroup section */
		BFE1E27520FD637C00B163DF = {
			isa = PBXGroup;
			children = (
				BFE1E28020FD637C00B163DF /* HelloWorldGitHub */,
				BFE1E27F20FD637C00B163DF /* Products */,
			);
			sourceTree = "<group>";
		};
		BFE1E27F20FD637C00B163DF /* Products */ = {
			isa = PBXGroup;
			children = (
				BFE1E27E20FD637C00B163DF /* HelloWorldGitHub.app */,
			);
			name = Products;
			sourceTree = "<group>";
		};
		BFE1E28020FD637C00B163DF /* HelloWorldGitHub */ = {
			isa = PBXGroup;
			children = (
				BFE1E28420FD637C00B163DF /* AppDelegate.h */,
				BFE1E28520FD637C00B163DF /* AppDelegate.m */,
				BFE1E28720FD637C00B163DF /* ViewController.h */,
				BFE1E28820FD637C00B163DF /* ViewController.m */,
				BFE1E28A20FD637C00B163DF /* Main.storyboard */,
				BFE1E29020FD637C00B163DF /* Assets.xcassets */,
				BFE1E29220FD637C00B163DF /* LaunchScreen.storyboard */,
				BFE1E29520FD637C00B163DF /* Info.plist */,
				BFE1E28D20FD637C00B163DF /* HelloWorldGitHub.xcdatamodeld */,
				BFE1E28120FD637C00B163DF /* Supporting Files */,
			);
			path = HelloWorldGitHub;
			sourceTree = "<group>";
		};
		BFE1E28120FD637C00B163DF /* Supporting Files */ = {
			isa = PBXGroup;
			children = (
				BFE1E28220FD637C00B163DF /* main.m */,
			);
			name = "Supporting Files";
			sourceTree = "<group>";
		};
/* End PBXGroup section */

/* Begin PBXNativeTarget section */
		BFE1E27D20FD637C00B163DF /* HelloWorldGitHub */ = {
			isa = PBXNativeTarget;
			buildConfigurationList = BFE1E29820FD637C00B163DF /* Build configuration list for PBXNativeTarget "HelloWorldGitHub" */;
			buildPhases = (
				BFE1E27A20FD637C00B163DF /* Sources */,
				BFE1E27B20FD637C00B163DF /* Frameworks */,
				BFE1E27C20FD637C00B163DF /* Resources */,
			);
			buildRules = (
			);
			dependencies = (
			);
			name = HelloWorldGitHub;
			productName = HelloWorldGitHub;
			productReference = BFE1E27E20FD637C00B163DF /* HelloWorldGitHub.app */;
			productType = "com.apple.product-type.application";
		};
/* End PBXNativeTarget section */

/* Begin PBXProject section */
		BFE1E27620FD637C00B163DF /* Project object */ = {
			isa = PBXProject;
			attributes = {
				LastUpgradeCheck = 0830;
				ORGANIZATIONNAME = qilei;
				TargetAttributes = {
					BFE1E27D20FD637C00B163DF = {
						CreatedOnToolsVersion = 8.3.3;
						DevelopmentTeam = 9G3ZNP63J7;
						ProvisioningStyle = Automatic;
					};
				};
			};
			buildConfigurationList = BFE1E27920FD637C00B163DF /* Build configuration list for PBXProject "HelloWorldGitHub" */;
			compatibilityVersion = "Xcode 3.2";
			developmentRegion = English;
			hasScannedForEncodings = 0;
			knownRegions = (
				en,
				Base,
			);
			mainGroup = BFE1E27520FD637C00B163DF;
			productRefGroup = BFE1E27F20FD637C00B163DF /* Products */;
			projectDirPath = "";
			projectRoot = "";
			targets = (
				BFE1E27D20FD637C00B163DF /* HelloWorldGitHub */,
			);
		};
/* End PBXProject section */

/* Begin PBXResourcesBuildPhase section */
		BFE1E27C20FD637C00B163DF /* Resources */ = {
			isa = PBXResourcesBuildPhase;
			buildActionMask = 2147483647;
			files = (
				BFE1E29420FD637C00B163DF /* LaunchScreen.storyboard in Resources */,
				BFE1E29120FD637C00B163DF /* Assets.xcassets in Resources */,
				BFE1E28C20FD637C00B163DF /* Main.storyboard in Resources */,
			);
			runOnlyForDeploymentPostprocessing = 0;
		};
/* End PBXResourcesBuildPhase section */

/* Begin PBXSourcesBuildPhase section */
		BFE1E27A20FD637C00B163DF /* Sources */ = {
			isa = PBXSourcesBuildPhase;
			buildActionMask = 2147483647;
			files = (
				BFE1E28F20FD637C00B163DF /* HelloWorldGitHub.xcdatamodeld in Sources */,
				BFE1E28920FD637C00B163DF /* ViewController.m in Sources */,
				BFE1E28620FD637C00B163DF /* AppDelegate.m in Sources */,
				BFE1E28320FD637C00B163DF /* main.m in Sources */,
			);
			runOnlyForDeploymentPostprocessing = 0;
		};
/* End PBXSourcesBuildPhase section */

/* Begin PBXVariantGroup section */
		BFE1E28A20FD637C00B163DF /* Main.storyboard */ = {
			isa = PBXVariantGroup;
			children = (
				BFE1E28B20FD637C00B163DF /* Base */,
			);
			name = Main.storyboard;
			sourceTree = "<group>";
		};
		BFE1E29220FD637C00B163DF /* LaunchScreen.storyboard */ = {
			isa = PBXVariantGroup;
			children = (
				BFE1E29320FD637C00B163DF /* Base */,
			);
			name = LaunchScreen.storyboard;
			sourceTree = "<group>";
		};
/* End PBXVariantGroup section */

/* Begin XCBuildConfiguration section */
		BFE1E29620FD637C00B163DF /* Debug */ = {
			isa = XCBuildConfiguration;
			buildSettings = {
				ALWAYS_SEARCH_USER_PATHS = NO;
				CLANG_ANALYZER_NONNULL = YES;
				CLANG_ANALYZER_NUMBER_OBJECT_CONVERSION = YES_AGGRESSIVE;
				CLANG_CXX_LANGUAGE_STANDARD = "gnu++0x";
				CLANG_CXX_LIBRARY = "libc++";
				CLANG_ENABLE_MODULES = YES;
				CLANG_ENABLE_OBJC_ARC = YES;
				CLANG_WARN_BOOL_CONVERSION = YES;
				CLANG_WARN_CONSTANT_CONVERSION = YES;
				CLANG_WARN_DIRECT_OBJC_ISA_USAGE = YES_ERROR;
				CLANG_WARN_DOCUMENTATION_COMMENTS = YES;
				CLANG_WARN_EMPTY_BODY = YES;
				CLANG_WARN_ENUM_CONVERSION = YES;
				CLANG_WARN_INFINITE_RECURSION = YES;
				CLANG_WARN_INT_CONVERSION = YES;
				CLANG_WARN_OBJC_ROOT_CLASS = YES_ERROR;
				CLANG_WARN_SUSPICIOUS_MOVE = YES;
				CLANG_WARN_UNREACHABLE_CODE = YES;
				CLANG_WARN__DUPLICATE_METHOD_MATCH = YES;
				"CODE_SIGN_IDENTITY[sdk=iphoneos*]" = "iPhone Developer";
				COPY_PHASE_STRIP = NO;
				DEBUG_INFORMATION_FORMAT = dwarf;
				ENABLE_STRICT_OBJC_MSGSEND = YES;
				ENABLE_TESTABILITY = YES;
				GCC_C_LANGUAGE_STANDARD = gnu99;
				GCC_DYNAMIC_NO_PIC = NO;
				GCC_NO_COMMON_BLOCKS = YES;
				GCC_OPTIMIZATION_LEVEL = 0;
				GCC_PREPROCESSOR_DEFINITIONS = (
					"DEBUG=1",
					"$(inherited)",
				);
				GCC_WARN_64_TO_32_BIT_CONVERSION = YES;
				GCC_WARN_ABOUT_RETURN_TYPE = YES_ERROR;
				GCC_WARN_UNDECLARED_SELECTOR = YES;
				GCC_WARN_UNINITIALIZED_AUTOS = YES_AGGRESSIVE;
				GCC_WARN_UNUSED_FUNCTION = YES;
				GCC_WARN_UNUSED_VARIABLE = YES;
				IPHONEOS_DEPLOYMENT_TARGET = 10.3;
				MTL_ENABLE_DEBUG_INFO = YES;
				ONLY_ACTIVE_ARCH = YES;
				SDKROOT = iphoneos;
			};
			name = Debug;
		};
		BFE1E29720FD637C00B163DF /* Release */ = {
			isa = XCBuildConfiguration;
			buildSettings = {
				ALWAYS_SEARCH_USER_PATHS = NO;
				CLANG_ANALYZER_NONNULL = YES;
				CLANG_ANALYZER_NUMBER_OBJECT_CONVERSION = YES_AGGRESSIVE;
				CLANG_CXX_LANGUAGE_STANDARD = "gnu++0x";
				CLANG_CXX_LIBRARY = "libc++";
				CLANG_ENABLE_MODULES = YES;
				CLANG_ENABLE_OBJC_ARC = YES;
				CLANG_WARN_BOOL_CONVERSION = YES;
				CLANG_WARN_CONSTANT_CONVERSION = YES;
				CLANG_WARN_DIRECT_OBJC_ISA_USAGE = YES_ERROR;
				CLANG_WARN_DOCUMENTATION_COMMENTS = YES;
				CLANG_WARN_EMPTY_BODY = YES;
				CLANG_WARN_ENUM_CONVERSION = YES;
				CLANG_WARN_INFINITE_RECURSION = YES;
				CLANG_WARN_INT_CONVERSION = YES;
				CLANG_WARN_OBJC_ROOT_CLASS = YES_ERROR;
				CLANG_WARN_SUSPICIOUS_MOVE = YES;
				CLANG_WARN_UNREACHABLE_CODE = YES;
				CLANG_WARN__DUPLICATE_METHOD_MATCH = YES;
				"CODE_SIGN_IDENTITY[sdk=iphoneos*]" = "iPhone Developer";
				COPY_PHASE_STRIP = NO;
				DEBUG_INFORMATION_FORMAT = "dwarf-with-dsym";
				ENABLE_NS_ASSERTIONS = NO;
				ENABLE_STRICT_OBJC_MSGSEND = YES;
				GCC_C_LANGUAGE_STANDARD = gnu99;
				GCC_NO_COMMON_BLOCKS = YES;
				GCC_WARN_64_TO_32_BIT_CONVERSION = YES;
				GCC_WARN_ABOUT_RETURN_TYPE = YES_ERROR;
				GCC_WARN_UNDECLARED_SELECTOR = YES;
				GCC_WARN_UNINITIALIZED_AUTOS = YES_AGGRESSIVE;
				GCC_WARN_UNUSED_FUNCTION = YES;
				GCC_WARN_UNUSED_VARIABLE = YES;
				IPHONEOS_DEPLOYMENT_TARGET = 10.3;
				MTL_ENABLE_DEBUG_INFO = NO;
				SDKROOT = iphoneos;
				VALIDATE_PRODUCT = YES;
			};
			name = Release;
		};
		BFE1E29920FD637C00B163DF /* Debug */ = {
			isa = XCBuildConfiguration;
			buildSettings = {
				ASSETCATALOG_COMPILER_APPICON_NAME = AppIcon;
				DEVELOPMENT_TEAM = 9G3ZNP63J7;
				INFOPLIST_FILE = HelloWorldGitHub/Info.plist;
				LD_RUNPATH_SEARCH_PATHS = "$(inherited) @executable_path/Frameworks";
				PRODUCT_BUNDLE_IDENTIFIER = "-09.HelloWorldGitHub";
				PRODUCT_NAME = "$(TARGET_NAME)";
			};
			name = Debug;
		};
		BFE1E29A20FD637C00B163DF /* Release */ = {
			isa = XCBuildConfiguration;
			buildSettings = {
				ASSETCATALOG_COMPILER_APPICON_NAME = AppIcon;
				DEVELOPMENT_TEAM = 9G3ZNP63J7;
				INFOPLIST_FILE = HelloWorldGitHub/Info.plist;
				LD_RUNPATH_SEARCH_PATHS = "$(inherited) @executable_path/Frameworks";
				PRODUCT_BUNDLE_IDENTIFIER = "-09.HelloWorldGitHub";
				PRODUCT_NAME = "$(TARGET_NAME)";
			};
			name = Release;
		};
/* End XCBuildConfiguration section */

/* Begin XCConfigurationList section */
		BFE1E27920FD637C00B163DF /* Build configuration list for PBXProject "HelloWorldGitHub" */ = {
			isa = XCConfigurationList;
			buildConfigurations = (
				BFE1E29620FD637C00B163DF /* Debug */,
				BFE1E29720FD637C00B163DF /* Release */,
			);
			defaultConfigurationIsVisible = 0;
			defaultConfigurationName = Release;
		};
		BFE1E29820FD637C00B163DF /* Build configuration list for PBXNativeTarget "HelloWorldGitHub" */ = {
			isa = XCConfigurationList;
			buildConfigurations = (
				BFE1E29920FD637C00B163DF /* Debug */,
				BFE1E29A20FD637C00B163DF /* Release */,
			);
			defaultConfigurationIsVisible = 0;
		};
/* End XCConfigurationList section */

/* Begin XCVersionGroup section */
		BFE1E28D20FD637C00B163DF /* HelloWorldGitHub.xcdatamodeld */ = {
			isa = XCVersionGroup;
			children = (
				BFE1E28E20FD637C00B163DF /* HelloWorldGitHub.xcdatamodel */,
			);
			currentVersion = BFE1E28E20FD637C00B163DF /* HelloWorldGitHub.xcdatamodel */;
			path = HelloWorldGitHub.xcdatamodeld;
			sourceTree = "<group>";
			versionGroupType = wrapper.xcdatamodel;
		};
/* End XCVersionGroup section */
	};
	rootObject = BFE1E27620FD637C00B163DF /* Project object */;
}
